
Microsoft Visual Studio Solution File, Format Version 12.00
# Visual Studio 15
VisualStudioVersion = 15.0.27130.2020
MinimumVisualStudioVersion = 10.0.40219.1
Project("{FAE04EC0-301F-11D3-BF4B-00C04F79EFBC}") = "SpeckleRevitPlugin", "SpeckleRevit\SpeckleRevitPlugin.csproj", "{847E4C86-B5ED-45F8-ABE8-85B3D9ADC804}"
EndProject
Global
	GlobalSection(SolutionConfigurationPlatforms) = preSolution
		Debug|Any CPU = Debug|Any CPU
		Debug|x64 = Debug|x64
		Release|Any CPU = Release|Any CPU
		Release|x64 = Release|x64
	EndGlobalSection
	GlobalSection(ProjectConfigurationPlatforms) = postSolution
		{847E4C86-B5ED-45F8-ABE8-85B3D9ADC804}.Debug|Any CPU.ActiveCfg = Debug|x64
		{847E4C86-B5ED-45F8-ABE8-85B3D9ADC804}.Debug|Any CPU.Build.0 = Debug|x64
		{847E4C86-B5ED-45F8-ABE8-85B3D9ADC804}.Debug|x64.ActiveCfg = Debug|x64
		{847E4C86-B5ED-45F8-ABE8-85B3D9ADC804}.Debug|x64.Build.0 = Debug|x64
		{847E4C86-B5ED-45F8-ABE8-85B3D9ADC804}.Release|Any CPU.ActiveCfg = Release|x64
		{847E4C86-B5ED-45F8-ABE8-85B3D9ADC804}.Release|Any CPU.Build.0 = Release|x64
		{847E4C86-B5ED-45F8-ABE8-85B3D9ADC804}.Release|x64.ActiveCfg = Release|x64
		{847E4C86-B5ED-45F8-ABE8-85B3D9ADC804}.Release|x64.Build.0 = Release|x64
	EndGlobalSection
	GlobalSection(SolutionProperties) = preSolution
		HideSolutionNode = FALSE
	EndGlobalSection
	GlobalSection(ExtensibilityGlobals) = postSolution
		SolutionGuid = {7E759712-6513-4735-9904-0F64C3106E69}
	EndGlobalSection
EndGlobal
